
Microsoft Visual Studio Solution File, Format Version 12.00
# Visual Studio 2013
VisualStudioVersion = 12.0.30501.0
MinimumVisualStudioVersion = 10.0.40219.1
Project("{FAE04EC0-301F-11D3-BF4B-00C04F79EFBC}") = "LyncWPFApplication3", "LyncWPFApplication3\LyncWPFApplication3.csproj", "{FC2278FC-AEA0-4600-B712-5250487977E1}"
EndProject
Project("{FAE04EC0-301F-11D3-BF4B-00C04F79EFBC}") = "LightsConsoleTestApp", "LightsConsoleTestApp\LightsConsoleTestApp.csproj", "{8F8F3037-6E6E-47A3-9297-52FA7DB4DEF3}"
EndProject
Project("{FAE04EC0-301F-11D3-BF4B-00C04F79EFBC}") = "LyncLights", "LyncComm\LyncLights.csproj", "{F62F5E02-97AF-4647-8CC1-3F2C5C20F7A0}"
EndProject
Global
	GlobalSection(SolutionConfigurationPlatforms) = preSolution
		Debug|Any CPU = Debug|Any CPU
		Release|Any CPU = Release|Any CPU
	EndGlobalSection
	GlobalSection(ProjectConfigurationPlatforms) = postSolution
		{FC2278FC-AEA0-4600-B712-5250487977E1}.Debug|Any CPU.ActiveCfg = Debug|Any CPU
		{FC2278FC-AEA0-4600-B712-5250487977E1}.Debug|Any CPU.Build.0 = Debug|Any CPU
		{FC2278FC-AEA0-4600-B712-5250487977E1}.Release|Any CPU.ActiveCfg = Release|Any CPU
		{FC2278FC-AEA0-4600-B712-5250487977E1}.Release|Any CPU.Build.0 = Release|Any CPU
		{8F8F3037-6E6E-47A3-9297-52FA7DB4DEF3}.Debug|Any CPU.ActiveCfg = Debug|Any CPU
		{8F8F3037-6E6E-47A3-9297-52FA7DB4DEF3}.Debug|Any CPU.Build.0 = Debug|Any CPU
		{8F8F3037-6E6E-47A3-9297-52FA7DB4DEF3}.Release|Any CPU.ActiveCfg = Release|Any CPU
		{8F8F3037-6E6E-47A3-9297-52FA7DB4DEF3}.Release|Any CPU.Build.0 = Release|Any CPU
		{F62F5E02-97AF-4647-8CC1-3F2C5C20F7A0}.Debug|Any CPU.ActiveCfg = Debug|Any CPU
		{F62F5E02-97AF-4647-8CC1-3F2C5C20F7A0}.Debug|Any CPU.Build.0 = Debug|Any CPU
		{F62F5E02-97AF-4647-8CC1-3F2C5C20F7A0}.Release|Any CPU.ActiveCfg = Release|Any CPU
		{F62F5E02-97AF-4647-8CC1-3F2C5C20F7A0}.Release|Any CPU.Build.0 = Release|Any CPU
	EndGlobalSection
	GlobalSection(SolutionProperties) = preSolution
		HideSolutionNode = FALSE
	EndGlobalSection
EndGlobal
